// !$*UTF8*$!
{
	archiveVersion = 1;
	classes = {
	};
	objectVersion = 56;
	objects = {

/* Begin PBXBuildFile section */
		B45D00C12AC46DA4008D6D60 /* HappyDayApp.swift in Sources */ = {isa = PBXBuildFile; fileRef = B45D00C02AC46DA4008D6D60 /* HappyDayApp.swift */; };
		B45D00C32AC46DA4008D6D60 /* OnboardingView.swift in Sources */ = {isa = PBXBuildFile; fileRef = B45D00C22AC46DA4008D6D60 /* OnboardingView.swift */; };
		B45D00C52AC46DA5008D6D60 /* Assets.xcassets in Resources */ = {isa = PBXBuildFile; fileRef = B45D00C42AC46DA5008D6D60 /* Assets.xcassets */; };
		B45D00C82AC46DA5008D6D60 /* Preview Assets.xcassets in Resources */ = {isa = PBXBuildFile; fileRef = B45D00C72AC46DA5008D6D60 /* Preview Assets.xcassets */; };
		B479C43C2B01BC9F00399E83 /* APIMockService.swift in Sources */ = {isa = PBXBuildFile; fileRef = B479C43B2B01BC9F00399E83 /* APIMockService.swift */; };
		B479C4412B01BCD000399E83 /* forecast_info.geojson in Resources */ = {isa = PBXBuildFile; fileRef = B479C4402B01BCD000399E83 /* forecast_info.geojson */; };
		B479C4432B01BCE500399E83 /* today_info.geojson in Resources */ = {isa = PBXBuildFile; fileRef = B479C4422B01BCE500399E83 /* today_info.geojson */; };
		B479C4452B01BD0100399E83 /* CurrentWeatherMock.swift in Sources */ = {isa = PBXBuildFile; fileRef = B479C4442B01BD0100399E83 /* CurrentWeatherMock.swift */; };
		B479C44D2B01BD2900399E83 /* HappyDayTests.swift in Sources */ = {isa = PBXBuildFile; fileRef = B479C44C2B01BD2900399E83 /* HappyDayTests.swift */; };
		B479C4542B01BE8A00399E83 /* WeatherMockModels.swift in Sources */ = {isa = PBXBuildFile; fileRef = B479C4532B01BE8A00399E83 /* WeatherMockModels.swift */; };
		B4BD0D352ACAB38700E2D75C /* Inter-Bold.otf in Resources */ = {isa = PBXBuildFile; fileRef = B4BD0D312ACAB38700E2D75C /* Inter-Bold.otf */; };
		B4BD0D362ACAB38700E2D75C /* Inter-Regular.otf in Resources */ = {isa = PBXBuildFile; fileRef = B4BD0D322ACAB38700E2D75C /* Inter-Regular.otf */; };
		B4BD0D372ACAB38700E2D75C /* Inter-SemiBold.otf in Resources */ = {isa = PBXBuildFile; fileRef = B4BD0D332ACAB38700E2D75C /* Inter-SemiBold.otf */; };
		B4BD0D382ACAB38700E2D75C /* Inter-Medium.otf in Resources */ = {isa = PBXBuildFile; fileRef = B4BD0D342ACAB38700E2D75C /* Inter-Medium.otf */; };
		B4BD0D3C2ACAB5A900E2D75C /* EnableLocationView.swift in Sources */ = {isa = PBXBuildFile; fileRef = B4BD0D3B2ACAB5A900E2D75C /* EnableLocationView.swift */; };
		B4BD0D3F2ACAB5F800E2D75C /* TodayViewModel.swift in Sources */ = {isa = PBXBuildFile; fileRef = B4BD0D3E2ACAB5F800E2D75C /* TodayViewModel.swift */; };
		B4BD0D432ACB2B7900E2D75C /* Images.swift in Sources */ = {isa = PBXBuildFile; fileRef = B4BD0D422ACB2B7900E2D75C /* Images.swift */; };
		B4BD0D452ACB2B9500E2D75C /* Fonts.swift in Sources */ = {isa = PBXBuildFile; fileRef = B4BD0D442ACB2B9500E2D75C /* Fonts.swift */; };
		B4BD0D472ACB2BB200E2D75C /* LocalizableString.swift in Sources */ = {isa = PBXBuildFile; fileRef = B4BD0D462ACB2BB200E2D75C /* LocalizableString.swift */; };
		B4BD0D492ACB2BDB00E2D75C /* Colors.swift in Sources */ = {isa = PBXBuildFile; fileRef = B4BD0D482ACB2BDB00E2D75C /* Colors.swift */; };
		B4BD0D4C2ACB2C3000E2D75C /* Localizable.strings in Resources */ = {isa = PBXBuildFile; fileRef = B4BD0D4E2ACB2C3000E2D75C /* Localizable.strings */; };
		B4BD0D522ACD32F400E2D75C /* GradientBackground.swift in Sources */ = {isa = PBXBuildFile; fileRef = B4BD0D512ACD32F400E2D75C /* GradientBackground.swift */; };
		B4BD0D552AD9BD3100E2D75C /* TodayViewModelEnums.swift in Sources */ = {isa = PBXBuildFile; fileRef = B4BD0D542AD9BD3100E2D75C /* TodayViewModelEnums.swift */; };
		B4BD0D572AD9BD5C00E2D75C /* TodayWeatherView.swift in Sources */ = {isa = PBXBuildFile; fileRef = B4BD0D562AD9BD5C00E2D75C /* TodayWeatherView.swift */; };
		B4BD0D5A2AEA763200E2D75C /* APIService.swift in Sources */ = {isa = PBXBuildFile; fileRef = B4BD0D592AEA763200E2D75C /* APIService.swift */; };
		B4BD0D5D2AEA769200E2D75C /* CurrentWeather.swift in Sources */ = {isa = PBXBuildFile; fileRef = B4BD0D5C2AEA769200E2D75C /* CurrentWeather.swift */; };
		B4BD0D5F2AEA769B00E2D75C /* ForecastModel.swift in Sources */ = {isa = PBXBuildFile; fileRef = B4BD0D5E2AEA769B00E2D75C /* ForecastModel.swift */; };
		B4BD0D612AEA76B800E2D75C /* ModelExtensions.swift in Sources */ = {isa = PBXBuildFile; fileRef = B4BD0D602AEA76B800E2D75C /* ModelExtensions.swift */; };
		B4BD0D632AEA76FA00E2D75C /* WeatherError.swift in Sources */ = {isa = PBXBuildFile; fileRef = B4BD0D622AEA76FA00E2D75C /* WeatherError.swift */; };
		B4BD0D652AEA7B8D00E2D75C /* APIServiceProtocol.swift in Sources */ = {isa = PBXBuildFile; fileRef = B4BD0D642AEA7B8D00E2D75C /* APIServiceProtocol.swift */; };
		B4BD0D6D2AFDA21D00E2D75C /* TodaySuccessView.swift in Sources */ = {isa = PBXBuildFile; fileRef = B4BD0D6C2AFDA21D00E2D75C /* TodaySuccessView.swift */; };
		B4BD0D6F2AFDA22F00E2D75C /* TodaySuccessItemView.swift in Sources */ = {isa = PBXBuildFile; fileRef = B4BD0D6E2AFDA22F00E2D75C /* TodaySuccessItemView.swift */; };
		B4BD0D712AFEA3CE00E2D75C /* TodayErrorView.swift in Sources */ = {isa = PBXBuildFile; fileRef = B4BD0D702AFEA3CE00E2D75C /* TodayErrorView.swift */; };
		B4BD0D742AFEE3BA00E2D75C /* ForecastView.swift in Sources */ = {isa = PBXBuildFile; fileRef = B4BD0D732AFEE3BA00E2D75C /* ForecastView.swift */; };
		B4BD0D762AFEE3D800E2D75C /* UIViewControllerRepresentable.swift in Sources */ = {isa = PBXBuildFile; fileRef = B4BD0D752AFEE3D800E2D75C /* UIViewControllerRepresentable.swift */; };
		B4BD0D782AFEE42400E2D75C /* ForecastController.swift in Sources */ = {isa = PBXBuildFile; fileRef = B4BD0D772AFEE42400E2D75C /* ForecastController.swift */; };
		B4BD0D7A2AFEE44600E2D75C /* SectionManager.swift in Sources */ = {isa = PBXBuildFile; fileRef = B4BD0D792AFEE44600E2D75C /* SectionManager.swift */; };
		B4BD0D7C2AFEE45C00E2D75C /* TableSectionHeader.swift in Sources */ = {isa = PBXBuildFile; fileRef = B4BD0D7B2AFEE45C00E2D75C /* TableSectionHeader.swift */; };
		B4BD0D7E2AFEE46700E2D75C /* WeatherTableCell.swift in Sources */ = {isa = PBXBuildFile; fileRef = B4BD0D7D2AFEE46700E2D75C /* WeatherTableCell.swift */; };
		B4BD0D802AFEE49500E2D75C /* View.swift in Sources */ = {isa = PBXBuildFile; fileRef = B4BD0D7F2AFEE49500E2D75C /* View.swift */; };
		B4BD0D822AFEE4D200E2D75C /* UIImage.swift in Sources */ = {isa = PBXBuildFile; fileRef = B4BD0D812AFEE4D200E2D75C /* UIImage.swift */; };
/* End PBXBuildFile section */

/* Begin PBXContainerItemProxy section */
		B479C44E2B01BD2900399E83 /* PBXContainerItemProxy */ = {
			isa = PBXContainerItemProxy;
			containerPortal = B45D00B52AC46DA4008D6D60 /* Project object */;
			proxyType = 1;
			remoteGlobalIDString = B45D00BC2AC46DA4008D6D60;
			remoteInfo = HappyDay;
		};
/* End PBXContainerItemProxy section */

/* Begin PBXFileReference section */
		B45D00BD2AC46DA4008D6D60 /* HappyDay.app */ = {isa = PBXFileReference; explicitFileType = wrapper.application; includeInIndex = 0; path = HappyDay.app; sourceTree = BUILT_PRODUCTS_DIR; };
		B45D00C02AC46DA4008D6D60 /* HappyDayApp.swift */ = {isa = PBXFileReference; lastKnownFileType = sourcecode.swift; path = HappyDayApp.swift; sourceTree = "<group>"; };
		B45D00C22AC46DA4008D6D60 /* OnboardingView.swift */ = {isa = PBXFileReference; lastKnownFileType = sourcecode.swift; path = OnboardingView.swift; sourceTree = "<group>"; };
		B45D00C42AC46DA5008D6D60 /* Assets.xcassets */ = {isa = PBXFileReference; lastKnownFileType = folder.assetcatalog; path = Assets.xcassets; sourceTree = "<group>"; };
		B45D00C72AC46DA5008D6D60 /* Preview Assets.xcassets */ = {isa = PBXFileReference; lastKnownFileType = folder.assetcatalog; path = "Preview Assets.xcassets"; sourceTree = "<group>"; };
		B479C43B2B01BC9F00399E83 /* APIMockService.swift */ = {isa = PBXFileReference; lastKnownFileType = sourcecode.swift; path = APIMockService.swift; sourceTree = "<group>"; };
		B479C4402B01BCD000399E83 /* forecast_info.geojson */ = {isa = PBXFileReference; lastKnownFileType = text; path = forecast_info.geojson; sourceTree = "<group>"; };
		B479C4422B01BCE500399E83 /* today_info.geojson */ = {isa = PBXFileReference; lastKnownFileType = text; path = today_info.geojson; sourceTree = "<group>"; };
		B479C4442B01BD0100399E83 /* CurrentWeatherMock.swift */ = {isa = PBXFileReference; lastKnownFileType = sourcecode.swift; path = CurrentWeatherMock.swift; sourceTree = "<group>"; };
		B479C44A2B01BD2900399E83 /* HappyDayTests.xctest */ = {isa = PBXFileReference; explicitFileType = wrapper.cfbundle; includeInIndex = 0; path = HappyDayTests.xctest; sourceTree = BUILT_PRODUCTS_DIR; };
		B479C44C2B01BD2900399E83 /* HappyDayTests.swift */ = {isa = PBXFileReference; lastKnownFileType = sourcecode.swift; path = HappyDayTests.swift; sourceTree = "<group>"; };
		B479C4532B01BE8A00399E83 /* WeatherMockModels.swift */ = {isa = PBXFileReference; lastKnownFileType = sourcecode.swift; path = WeatherMockModels.swift; sourceTree = "<group>"; };
		B4BD0D2E2ACAB34300E2D75C /* Info.plist */ = {isa = PBXFileReference; lastKnownFileType = text.plist; path = Info.plist; sourceTree = "<group>"; };
		B4BD0D312ACAB38700E2D75C /* Inter-Bold.otf */ = {isa = PBXFileReference; lastKnownFileType = file; path = "Inter-Bold.otf"; sourceTree = "<group>"; };
		B4BD0D322ACAB38700E2D75C /* Inter-Regular.otf */ = {isa = PBXFileReference; lastKnownFileType = file; path = "Inter-Regular.otf"; sourceTree = "<group>"; };
		B4BD0D332ACAB38700E2D75C /* Inter-SemiBold.otf */ = {isa = PBXFileReference; lastKnownFileType = file; path = "Inter-SemiBold.otf"; sourceTree = "<group>"; };
		B4BD0D342ACAB38700E2D75C /* Inter-Medium.otf */ = {isa = PBXFileReference; lastKnownFileType = file; path = "Inter-Medium.otf"; sourceTree = "<group>"; };
		B4BD0D3B2ACAB5A900E2D75C /* EnableLocationView.swift */ = {isa = PBXFileReference; lastKnownFileType = sourcecode.swift; path = EnableLocationView.swift; sourceTree = "<group>"; };
		B4BD0D3E2ACAB5F800E2D75C /* TodayViewModel.swift */ = {isa = PBXFileReference; lastKnownFileType = sourcecode.swift; path = TodayViewModel.swift; sourceTree = "<group>"; };
		B4BD0D422ACB2B7900E2D75C /* Images.swift */ = {isa = PBXFileReference; lastKnownFileType = sourcecode.swift; path = Images.swift; sourceTree = "<group>"; };
		B4BD0D442ACB2B9500E2D75C /* Fonts.swift */ = {isa = PBXFileReference; lastKnownFileType = sourcecode.swift; path = Fonts.swift; sourceTree = "<group>"; };
		B4BD0D462ACB2BB200E2D75C /* LocalizableString.swift */ = {isa = PBXFileReference; lastKnownFileType = sourcecode.swift; path = LocalizableString.swift; sourceTree = "<group>"; };
		B4BD0D482ACB2BDB00E2D75C /* Colors.swift */ = {isa = PBXFileReference; lastKnownFileType = sourcecode.swift; path = Colors.swift; sourceTree = "<group>"; };
		B4BD0D4D2ACB2C3000E2D75C /* en */ = {isa = PBXFileReference; lastKnownFileType = text.plist.strings; name = en; path = en.lproj/Localizable.strings; sourceTree = "<group>"; };
		B4BD0D4F2ACB2C3200E2D75C /* pl */ = {isa = PBXFileReference; lastKnownFileType = text.plist.strings; name = pl; path = pl.lproj/Localizable.strings; sourceTree = "<group>"; };
		B4BD0D512ACD32F400E2D75C /* GradientBackground.swift */ = {isa = PBXFileReference; lastKnownFileType = sourcecode.swift; path = GradientBackground.swift; sourceTree = "<group>"; };
		B4BD0D542AD9BD3100E2D75C /* TodayViewModelEnums.swift */ = {isa = PBXFileReference; lastKnownFileType = sourcecode.swift; path = TodayViewModelEnums.swift; sourceTree = "<group>"; };
		B4BD0D562AD9BD5C00E2D75C /* TodayWeatherView.swift */ = {isa = PBXFileReference; lastKnownFileType = sourcecode.swift; path = TodayWeatherView.swift; sourceTree = "<group>"; };
		B4BD0D592AEA763200E2D75C /* APIService.swift */ = {isa = PBXFileReference; lastKnownFileType = sourcecode.swift; path = APIService.swift; sourceTree = "<group>"; };
		B4BD0D5C2AEA769200E2D75C /* CurrentWeather.swift */ = {isa = PBXFileReference; lastKnownFileType = sourcecode.swift; path = CurrentWeather.swift; sourceTree = "<group>"; };
		B4BD0D5E2AEA769B00E2D75C /* ForecastModel.swift */ = {isa = PBXFileReference; lastKnownFileType = sourcecode.swift; path = ForecastModel.swift; sourceTree = "<group>"; };
		B4BD0D602AEA76B800E2D75C /* ModelExtensions.swift */ = {isa = PBXFileReference; lastKnownFileType = sourcecode.swift; path = ModelExtensions.swift; sourceTree = "<group>"; };
		B4BD0D622AEA76FA00E2D75C /* WeatherError.swift */ = {isa = PBXFileReference; lastKnownFileType = sourcecode.swift; path = WeatherError.swift; sourceTree = "<group>"; };
		B4BD0D642AEA7B8D00E2D75C /* APIServiceProtocol.swift */ = {isa = PBXFileReference; lastKnownFileType = sourcecode.swift; path = APIServiceProtocol.swift; sourceTree = "<group>"; };
		B4BD0D6C2AFDA21D00E2D75C /* TodaySuccessView.swift */ = {isa = PBXFileReference; lastKnownFileType = sourcecode.swift; path = TodaySuccessView.swift; sourceTree = "<group>"; };
		B4BD0D6E2AFDA22F00E2D75C /* TodaySuccessItemView.swift */ = {isa = PBXFileReference; lastKnownFileType = sourcecode.swift; path = TodaySuccessItemView.swift; sourceTree = "<group>"; };
		B4BD0D702AFEA3CE00E2D75C /* TodayErrorView.swift */ = {isa = PBXFileReference; lastKnownFileType = sourcecode.swift; path = TodayErrorView.swift; sourceTree = "<group>"; };
		B4BD0D732AFEE3BA00E2D75C /* ForecastView.swift */ = {isa = PBXFileReference; lastKnownFileType = sourcecode.swift; path = ForecastView.swift; sourceTree = "<group>"; };
		B4BD0D752AFEE3D800E2D75C /* UIViewControllerRepresentable.swift */ = {isa = PBXFileReference; lastKnownFileType = sourcecode.swift; path = UIViewControllerRepresentable.swift; sourceTree = "<group>"; };
		B4BD0D772AFEE42400E2D75C /* ForecastController.swift */ = {isa = PBXFileReference; lastKnownFileType = sourcecode.swift; path = ForecastController.swift; sourceTree = "<group>"; };
		B4BD0D792AFEE44600E2D75C /* SectionManager.swift */ = {isa = PBXFileReference; lastKnownFileType = sourcecode.swift; path = SectionManager.swift; sourceTree = "<group>"; };
		B4BD0D7B2AFEE45C00E2D75C /* TableSectionHeader.swift */ = {isa = PBXFileReference; lastKnownFileType = sourcecode.swift; path = TableSectionHeader.swift; sourceTree = "<group>"; };
		B4BD0D7D2AFEE46700E2D75C /* WeatherTableCell.swift */ = {isa = PBXFileReference; lastKnownFileType = sourcecode.swift; path = WeatherTableCell.swift; sourceTree = "<group>"; };
		B4BD0D7F2AFEE49500E2D75C /* View.swift */ = {isa = PBXFileReference; lastKnownFileType = sourcecode.swift; path = View.swift; sourceTree = "<group>"; };
		B4BD0D812AFEE4D200E2D75C /* UIImage.swift */ = {isa = PBXFileReference; lastKnownFileType = sourcecode.swift; path = UIImage.swift; sourceTree = "<group>"; };
/* End PBXFileReference section */

/* Begin PBXFrameworksBuildPhase section */
		B45D00BA2AC46DA4008D6D60 /* Frameworks */ = {
			isa = PBXFrameworksBuildPhase;
			buildActionMask = 2147483647;
			files = (
			);
			runOnlyForDeploymentPostprocessing = 0;
		};
		B479C4472B01BD2900399E83 /* Frameworks */ = {
			isa = PBXFrameworksBuildPhase;
			buildActionMask = 2147483647;
			files = (
			);
			runOnlyForDeploymentPostprocessing = 0;
		};
/* End PBXFrameworksBuildPhase section */

/* Begin PBXGroup section */
		B45D00B42AC46DA4008D6D60 = {
			isa = PBXGroup;
			children = (
				B45D00BF2AC46DA4008D6D60 /* HappyDay */,
				B479C44B2B01BD2900399E83 /* HappyDayTests */,
				B45D00BE2AC46DA4008D6D60 /* Products */,
			);
			sourceTree = "<group>";
		};
		B45D00BE2AC46DA4008D6D60 /* Products */ = {
			isa = PBXGroup;
			children = (
				B45D00BD2AC46DA4008D6D60 /* HappyDay.app */,
				B479C44A2B01BD2900399E83 /* HappyDayTests.xctest */,
			);
			name = Products;
			sourceTree = "<group>";
		};
		B45D00BF2AC46DA4008D6D60 /* HappyDay */ = {
			isa = PBXGroup;
			children = (
				B4BD0D5B2AEA766F00E2D75C /* Model */,
				B4BD0D582AEA761200E2D75C /* Networking */,
				B4BD0D2E2ACAB34300E2D75C /* Info.plist */,
				B45D00C02AC46DA4008D6D60 /* HappyDayApp.swift */,
				B4BD0D2F2ACAB35600E2D75C /* Resources */,
				B4BD0D402ACB2B5600E2D75C /* CoreUI */,
				B4BD0D3A2ACAB51E00E2D75C /* Features */,
				B45D00C62AC46DA5008D6D60 /* Preview Content */,
			);
			path = HappyDay;
			sourceTree = "<group>";
		};
		B45D00C62AC46DA5008D6D60 /* Preview Content */ = {
			isa = PBXGroup;
			children = (
				B45D00C72AC46DA5008D6D60 /* Preview Assets.xcassets */,
			);
			path = "Preview Content";
			sourceTree = "<group>";
		};
		B479C43F2B01BCBE00399E83 /* ModelsJSON */ = {
			isa = PBXGroup;
			children = (
				B479C4402B01BCD000399E83 /* forecast_info.geojson */,
				B479C4422B01BCE500399E83 /* today_info.geojson */,
				B479C4442B01BD0100399E83 /* CurrentWeatherMock.swift */,
			);
			path = ModelsJSON;
			sourceTree = "<group>";
		};
		B479C44B2B01BD2900399E83 /* HappyDayTests */ = {
			isa = PBXGroup;
			children = (
				B479C44C2B01BD2900399E83 /* HappyDayTests.swift */,
			);
			path = HappyDayTests;
			sourceTree = "<group>";
		};
		B4BD0D2F2ACAB35600E2D75C /* Resources */ = {
			isa = PBXGroup;
			children = (
				B479C43F2B01BCBE00399E83 /* ModelsJSON */,
				B4BD0D302ACAB36E00E2D75C /* Fonts */,
				B45D00C42AC46DA5008D6D60 /* Assets.xcassets */,
				B4BD0D4E2ACB2C3000E2D75C /* Localizable.strings */,
			);
			path = Resources;
			sourceTree = "<group>";
		};
		B4BD0D302ACAB36E00E2D75C /* Fonts */ = {
			isa = PBXGroup;
			children = (
				B4BD0D312ACAB38700E2D75C /* Inter-Bold.otf */,
				B4BD0D342ACAB38700E2D75C /* Inter-Medium.otf */,
				B4BD0D322ACAB38700E2D75C /* Inter-Regular.otf */,
				B4BD0D332ACAB38700E2D75C /* Inter-SemiBold.otf */,
			);
			path = Fonts;
			sourceTree = "<group>";
		};
		B4BD0D3A2ACAB51E00E2D75C /* Features */ = {
			isa = PBXGroup;
			children = (
				B45D00C22AC46DA4008D6D60 /* OnboardingView.swift */,
				B4BD0D3B2ACAB5A900E2D75C /* EnableLocationView.swift */,
				B4BD0D532AD9BD0700E2D75C /* Today */,
				B4BD0D3D2ACAB5E000E2D75C /* TodayViewModel */,
				B4BD0D722AFEE3AA00E2D75C /* Forecast */,
			);
			path = Features;
			sourceTree = "<group>";
		};
		B4BD0D3D2ACAB5E000E2D75C /* TodayViewModel */ = {
			isa = PBXGroup;
			children = (
				B4BD0D3E2ACAB5F800E2D75C /* TodayViewModel.swift */,
				B4BD0D542AD9BD3100E2D75C /* TodayViewModelEnums.swift */,
			);
			path = TodayViewModel;
			sourceTree = "<group>";
		};
		B4BD0D402ACB2B5600E2D75C /* CoreUI */ = {
			isa = PBXGroup;
			children = (
				B4BD0D502ACD32E600E2D75C /* Views */,
				B4BD0D412ACB2B6E00E2D75C /* Extensions */,
			);
			path = CoreUI;
			sourceTree = "<group>";
		};
		B4BD0D412ACB2B6E00E2D75C /* Extensions */ = {
			isa = PBXGroup;
			children = (
				B479C4532B01BE8A00399E83 /* WeatherMockModels.swift */,
				B4BD0D422ACB2B7900E2D75C /* Images.swift */,
				B4BD0D482ACB2BDB00E2D75C /* Colors.swift */,
				B4BD0D442ACB2B9500E2D75C /* Fonts.swift */,
				B4BD0D462ACB2BB200E2D75C /* LocalizableString.swift */,
				B4BD0D7F2AFEE49500E2D75C /* View.swift */,
				B4BD0D812AFEE4D200E2D75C /* UIImage.swift */,
			);
			path = Extensions;
			sourceTree = "<group>";
		};
		B4BD0D502ACD32E600E2D75C /* Views */ = {
			isa = PBXGroup;
			children = (
				B4BD0D512ACD32F400E2D75C /* GradientBackground.swift */,
			);
			path = Views;
			sourceTree = "<group>";
		};
		B4BD0D532AD9BD0700E2D75C /* Today */ = {
			isa = PBXGroup;
			children = (
				B4BD0D562AD9BD5C00E2D75C /* TodayWeatherView.swift */,
				B4BD0D6C2AFDA21D00E2D75C /* TodaySuccessView.swift */,
				B4BD0D6E2AFDA22F00E2D75C /* TodaySuccessItemView.swift */,
				B4BD0D702AFEA3CE00E2D75C /* TodayErrorView.swift */,
			);
			path = Today;
			sourceTree = "<group>";
		};
		B4BD0D582AEA761200E2D75C /* Networking */ = {
			isa = PBXGroup;
			children = (
				B4BD0D592AEA763200E2D75C /* APIService.swift */,
				B479C43B2B01BC9F00399E83 /* APIMockService.swift */,
				B4BD0D642AEA7B8D00E2D75C /* APIServiceProtocol.swift */,
				B4BD0D622AEA76FA00E2D75C /* WeatherError.swift */,
			);
			path = Networking;
			sourceTree = "<group>";
		};
		B4BD0D5B2AEA766F00E2D75C /* Model */ = {
			isa = PBXGroup;
			children = (
				B4BD0D5C2AEA769200E2D75C /* CurrentWeather.swift */,
				B4BD0D602AEA76B800E2D75C /* ModelExtensions.swift */,
				B4BD0D5E2AEA769B00E2D75C /* ForecastModel.swift */,
			);
			path = Model;
			sourceTree = "<group>";
		};
		B4BD0D722AFEE3AA00E2D75C /* Forecast */ = {
			isa = PBXGroup;
			children = (
				B4BD0D732AFEE3BA00E2D75C /* ForecastView.swift */,
				B4BD0D752AFEE3D800E2D75C /* UIViewControllerRepresentable.swift */,
				B4BD0D772AFEE42400E2D75C /* ForecastController.swift */,
				B4BD0D792AFEE44600E2D75C /* SectionManager.swift */,
				B4BD0D7B2AFEE45C00E2D75C /* TableSectionHeader.swift */,
				B4BD0D7D2AFEE46700E2D75C /* WeatherTableCell.swift */,
			);
			path = Forecast;
			sourceTree = "<group>";
		};
/* End PBXGroup section */

/* Begin PBXNativeTarget section */
		B45D00BC2AC46DA4008D6D60 /* HappyDay */ = {
			isa = PBXNativeTarget;
			buildConfigurationList = B45D00CB2AC46DA5008D6D60 /* Build configuration list for PBXNativeTarget "HappyDay" */;
			buildPhases = (
				B45D00B92AC46DA4008D6D60 /* Sources */,
				B45D00BA2AC46DA4008D6D60 /* Frameworks */,
				B45D00BB2AC46DA4008D6D60 /* Resources */,
				B4BD0D2C2AC6B1A000E2D75C /* SwiftLint */,
				B4BD0D2D2AC6B1A500E2D75C /* SwiftFormat */,
			);
			buildRules = (
			);
			dependencies = (
			);
			name = HappyDay;
			productName = HappyDay;
			productReference = B45D00BD2AC46DA4008D6D60 /* HappyDay.app */;
			productType = "com.apple.product-type.application";
		};
		B479C4492B01BD2900399E83 /* HappyDayTests */ = {
			isa = PBXNativeTarget;
			buildConfigurationList = B479C4502B01BD2A00399E83 /* Build configuration list for PBXNativeTarget "HappyDayTests" */;
			buildPhases = (
				B479C4462B01BD2900399E83 /* Sources */,
				B479C4472B01BD2900399E83 /* Frameworks */,
				B479C4482B01BD2900399E83 /* Resources */,
			);
			buildRules = (
			);
			dependencies = (
				B479C44F2B01BD2900399E83 /* PBXTargetDependency */,
			);
			name = HappyDayTests;
			productName = HappyDayTests;
			productReference = B479C44A2B01BD2900399E83 /* HappyDayTests.xctest */;
			productType = "com.apple.product-type.bundle.unit-test";
		};
/* End PBXNativeTarget section */

/* Begin PBXProject section */
		B45D00B52AC46DA4008D6D60 /* Project object */ = {
			isa = PBXProject;
			attributes = {
				BuildIndependentTargetsInParallel = 1;
				LastSwiftUpdateCheck = 1430;
				LastUpgradeCheck = 1430;
				TargetAttributes = {
					B45D00BC2AC46DA4008D6D60 = {
						CreatedOnToolsVersion = 14.3.1;
					};
					B479C4492B01BD2900399E83 = {
						CreatedOnToolsVersion = 14.3.1;
						TestTargetID = B45D00BC2AC46DA4008D6D60;
					};
				};
			};
			buildConfigurationList = B45D00B82AC46DA4008D6D60 /* Build configuration list for PBXProject "HappyDay" */;
			compatibilityVersion = "Xcode 14.0";
			developmentRegion = en;
			hasScannedForEncodings = 0;
			knownRegions = (
				en,
				Base,
				pl,
			);
			mainGroup = B45D00B42AC46DA4008D6D60;
			productRefGroup = B45D00BE2AC46DA4008D6D60 /* Products */;
			projectDirPath = "";
			projectRoot = "";
			targets = (
				B45D00BC2AC46DA4008D6D60 /* HappyDay */,
				B479C4492B01BD2900399E83 /* HappyDayTests */,
			);
		};
/* End PBXProject section */

/* Begin PBXResourcesBuildPhase section */
		B45D00BB2AC46DA4008D6D60 /* Resources */ = {
			isa = PBXResourcesBuildPhase;
			buildActionMask = 2147483647;
			files = (
				B45D00C82AC46DA5008D6D60 /* Preview Assets.xcassets in Resources */,
				B4BD0D382ACAB38700E2D75C /* Inter-Medium.otf in Resources */,
				B479C4432B01BCE500399E83 /* today_info.geojson in Resources */,
				B479C4412B01BCD000399E83 /* forecast_info.geojson in Resources */,
				B4BD0D362ACAB38700E2D75C /* Inter-Regular.otf in Resources */,
				B4BD0D4C2ACB2C3000E2D75C /* Localizable.strings in Resources */,
				B45D00C52AC46DA5008D6D60 /* Assets.xcassets in Resources */,
				B4BD0D372ACAB38700E2D75C /* Inter-SemiBold.otf in Resources */,
				B4BD0D352ACAB38700E2D75C /* Inter-Bold.otf in Resources */,
			);
			runOnlyForDeploymentPostprocessing = 0;
		};
		B479C4482B01BD2900399E83 /* Resources */ = {
			isa = PBXResourcesBuildPhase;
			buildActionMask = 2147483647;
			files = (
			);
			runOnlyForDeploymentPostprocessing = 0;
		};
/* End PBXResourcesBuildPhase section */

/* Begin PBXShellScriptBuildPhase section */
		B4BD0D2C2AC6B1A000E2D75C /* SwiftLint */ = {
			isa = PBXShellScriptBuildPhase;
			buildActionMask = 2147483647;
			files = (
			);
			inputFileListPaths = (
			);
			inputPaths = (
			);
			name = SwiftLint;
			outputFileListPaths = (
			);
			outputPaths = (
			);
			runOnlyForDeploymentPostprocessing = 0;
			shellPath = /bin/sh;
			shellScript = "if [[ \"$(uname -m)\" == arm64 ]]; then\n    export PATH=\"/opt/homebrew/bin:$PATH\"\nfi\n\nif which swiftlint > /dev/null; then\n  swiftlint\nelse\n  echo \"warning: SwiftLint not installed, download from https://github.com/realm/SwiftLint\"\nfi\n";
		};
		B4BD0D2D2AC6B1A500E2D75C /* SwiftFormat */ = {
			isa = PBXShellScriptBuildPhase;
			buildActionMask = 2147483647;
			files = (
			);
			inputFileListPaths = (
			);
			inputPaths = (
			);
			name = SwiftFormat;
			outputFileListPaths = (
			);
			outputPaths = (
			);
			runOnlyForDeploymentPostprocessing = 0;
			shellPath = /bin/sh;
			shellScript = "if [[ \"$(uname -m)\" == arm64 ]]; then\n    export PATH=\"/opt/homebrew/bin:$PATH\"\nfi\n\nif which swiftformat > /dev/null; then\n  swiftformat .\nelse\n  echo \"warning: SwiftFormat not installed, download from https://github.com/nicklockwood/SwiftFormat\"\nfi\n";
		};
/* End PBXShellScriptBuildPhase section */

/* Begin PBXSourcesBuildPhase section */
		B45D00B92AC46DA4008D6D60 /* Sources */ = {
			isa = PBXSourcesBuildPhase;
			buildActionMask = 2147483647;
			files = (
				B4BD0D572AD9BD5C00E2D75C /* TodayWeatherView.swift in Sources */,
				B4BD0D612AEA76B800E2D75C /* ModelExtensions.swift in Sources */,
				B4BD0D3F2ACAB5F800E2D75C /* TodayViewModel.swift in Sources */,
				B4BD0D5D2AEA769200E2D75C /* CurrentWeather.swift in Sources */,
				B4BD0D492ACB2BDB00E2D75C /* Colors.swift in Sources */,
				B45D00C32AC46DA4008D6D60 /* OnboardingView.swift in Sources */,
				B479C43C2B01BC9F00399E83 /* APIMockService.swift in Sources */,
				B4BD0D552AD9BD3100E2D75C /* TodayViewModelEnums.swift in Sources */,
				B4BD0D632AEA76FA00E2D75C /* WeatherError.swift in Sources */,
				B4BD0D7C2AFEE45C00E2D75C /* TableSectionHeader.swift in Sources */,
				B4BD0D652AEA7B8D00E2D75C /* APIServiceProtocol.swift in Sources */,
				B4BD0D5F2AEA769B00E2D75C /* ForecastModel.swift in Sources */,
				B4BD0D6D2AFDA21D00E2D75C /* TodaySuccessView.swift in Sources */,
				B4BD0D762AFEE3D800E2D75C /* UIViewControllerRepresentable.swift in Sources */,
				B4BD0D822AFEE4D200E2D75C /* UIImage.swift in Sources */,
				B4BD0D742AFEE3BA00E2D75C /* ForecastView.swift in Sources */,
				B4BD0D802AFEE49500E2D75C /* View.swift in Sources */,
				B4BD0D432ACB2B7900E2D75C /* Images.swift in Sources */,
				B4BD0D3C2ACAB5A900E2D75C /* EnableLocationView.swift in Sources */,
				B4BD0D7A2AFEE44600E2D75C /* SectionManager.swift in Sources */,
				B4BD0D712AFEA3CE00E2D75C /* TodayErrorView.swift in Sources */,
				B4BD0D6F2AFDA22F00E2D75C /* TodaySuccessItemView.swift in Sources */,
				B479C4542B01BE8A00399E83 /* WeatherMockModels.swift in Sources */,
				B4BD0D452ACB2B9500E2D75C /* Fonts.swift in Sources */,
				B45D00C12AC46DA4008D6D60 /* HappyDayApp.swift in Sources */,
				B479C4452B01BD0100399E83 /* CurrentWeatherMock.swift in Sources */,
				B4BD0D7E2AFEE46700E2D75C /* WeatherTableCell.swift in Sources */,
				B4BD0D472ACB2BB200E2D75C /* LocalizableString.swift in Sources */,
				B4BD0D5A2AEA763200E2D75C /* APIService.swift in Sources */,
				B4BD0D782AFEE42400E2D75C /* ForecastController.swift in Sources */,
				B4BD0D522ACD32F400E2D75C /* GradientBackground.swift in Sources */,
			);
			runOnlyForDeploymentPostprocessing = 0;
		};
		B479C4462B01BD2900399E83 /* Sources */ = {
			isa = PBXSourcesBuildPhase;
			buildActionMask = 2147483647;
			files = (
				B479C44D2B01BD2900399E83 /* HappyDayTests.swift in Sources */,
			);
			runOnlyForDeploymentPostprocessing = 0;
		};
/* End PBXSourcesBuildPhase section */

/* Begin PBXTargetDependency section */
		B479C44F2B01BD2900399E83 /* PBXTargetDependency */ = {
			isa = PBXTargetDependency;
			target = B45D00BC2AC46DA4008D6D60 /* HappyDay */;
			targetProxy = B479C44E2B01BD2900399E83 /* PBXContainerItemProxy */;
		};
/* End PBXTargetDependency section */

/* Begin PBXVariantGroup section */
		B4BD0D4E2ACB2C3000E2D75C /* Localizable.strings */ = {
			isa = PBXVariantGroup;
			children = (
				B4BD0D4D2ACB2C3000E2D75C /* en */,
				B4BD0D4F2ACB2C3200E2D75C /* pl */,
			);
			name = Localizable.strings;
			sourceTree = "<group>";
		};
/* End PBXVariantGroup section */

/* Begin XCBuildConfiguration section */
		B45D00C92AC46DA5008D6D60 /* Debug */ = {
			isa = XCBuildConfiguration;
			buildSettings = {
				ALWAYS_SEARCH_USER_PATHS = NO;
				CLANG_ANALYZER_NONNULL = YES;
				CLANG_ANALYZER_NUMBER_OBJECT_CONVERSION = YES_AGGRESSIVE;
				CLANG_CXX_LANGUAGE_STANDARD = "gnu++20";
				CLANG_ENABLE_MODULES = YES;
				CLANG_ENABLE_OBJC_ARC = YES;
				CLANG_ENABLE_OBJC_WEAK = YES;
				CLANG_WARN_BLOCK_CAPTURE_AUTORELEASING = YES;
				CLANG_WARN_BOOL_CONVERSION = YES;
				CLANG_WARN_COMMA = YES;
				CLANG_WARN_CONSTANT_CONVERSION = YES;
				CLANG_WARN_DEPRECATED_OBJC_IMPLEMENTATIONS = YES;
				CLANG_WARN_DIRECT_OBJC_ISA_USAGE = YES_ERROR;
				CLANG_WARN_DOCUMENTATION_COMMENTS = YES;
				CLANG_WARN_EMPTY_BODY = YES;
				CLANG_WARN_ENUM_CONVERSION = YES;
				CLANG_WARN_INFINITE_RECURSION = YES;
				CLANG_WARN_INT_CONVERSION = YES;
				CLANG_WARN_NON_LITERAL_NULL_CONVERSION = YES;
				CLANG_WARN_OBJC_IMPLICIT_RETAIN_SELF = YES;
				CLANG_WARN_OBJC_LITERAL_CONVERSION = YES;
				CLANG_WARN_OBJC_ROOT_CLASS = YES_ERROR;
				CLANG_WARN_QUOTED_INCLUDE_IN_FRAMEWORK_HEADER = YES;
				CLANG_WARN_RANGE_LOOP_ANALYSIS = YES;
				CLANG_WARN_STRICT_PROTOTYPES = YES;
				CLANG_WARN_SUSPICIOUS_MOVE = YES;
				CLANG_WARN_UNGUARDED_AVAILABILITY = YES_AGGRESSIVE;
				CLANG_WARN_UNREACHABLE_CODE = YES;
				CLANG_WARN__DUPLICATE_METHOD_MATCH = YES;
				COPY_PHASE_STRIP = NO;
				DEBUG_INFORMATION_FORMAT = dwarf;
				ENABLE_STRICT_OBJC_MSGSEND = YES;
				ENABLE_TESTABILITY = YES;
				GCC_C_LANGUAGE_STANDARD = gnu11;
				GCC_DYNAMIC_NO_PIC = NO;
				GCC_NO_COMMON_BLOCKS = YES;
				GCC_OPTIMIZATION_LEVEL = 0;
				GCC_PREPROCESSOR_DEFINITIONS = (
					"DEBUG=1",
					"$(inherited)",
				);
				GCC_WARN_64_TO_32_BIT_CONVERSION = YES;
				GCC_WARN_ABOUT_RETURN_TYPE = YES_ERROR;
				GCC_WARN_UNDECLARED_SELECTOR = YES;
				GCC_WARN_UNINITIALIZED_AUTOS = YES_AGGRESSIVE;
				GCC_WARN_UNUSED_FUNCTION = YES;
				GCC_WARN_UNUSED_VARIABLE = YES;
				IPHONEOS_DEPLOYMENT_TARGET = 15.0;
				MTL_ENABLE_DEBUG_INFO = INCLUDE_SOURCE;
				MTL_FAST_MATH = YES;
				ONLY_ACTIVE_ARCH = YES;
				SDKROOT = iphoneos;
				SWIFT_ACTIVE_COMPILATION_CONDITIONS = DEBUG;
				SWIFT_OPTIMIZATION_LEVEL = "-Onone";
			};
			name = Debug;
		};
		B45D00CA2AC46DA5008D6D60 /* Release */ = {
			isa = XCBuildConfiguration;
			buildSettings = {
				ALWAYS_SEARCH_USER_PATHS = NO;
				CLANG_ANALYZER_NONNULL = YES;
				CLANG_ANALYZER_NUMBER_OBJECT_CONVERSION = YES_AGGRESSIVE;
				CLANG_CXX_LANGUAGE_STANDARD = "gnu++20";
				CLANG_ENABLE_MODULES = YES;
				CLANG_ENABLE_OBJC_ARC = YES;
				CLANG_ENABLE_OBJC_WEAK = YES;
				CLANG_WARN_BLOCK_CAPTURE_AUTORELEASING = YES;
				CLANG_WARN_BOOL_CONVERSION = YES;
				CLANG_WARN_COMMA = YES;
				CLANG_WARN_CONSTANT_CONVERSION = YES;
				CLANG_WARN_DEPRECATED_OBJC_IMPLEMENTATIONS = YES;
				CLANG_WARN_DIRECT_OBJC_ISA_USAGE = YES_ERROR;
				CLANG_WARN_DOCUMENTATION_COMMENTS = YES;
				CLANG_WARN_EMPTY_BODY = YES;
				CLANG_WARN_ENUM_CONVERSION = YES;
				CLANG_WARN_INFINITE_RECURSION = YES;
				CLANG_WARN_INT_CONVERSION = YES;
				CLANG_WARN_NON_LITERAL_NULL_CONVERSION = YES;
				CLANG_WARN_OBJC_IMPLICIT_RETAIN_SELF = YES;
				CLANG_WARN_OBJC_LITERAL_CONVERSION = YES;
				CLANG_WARN_OBJC_ROOT_CLASS = YES_ERROR;
				CLANG_WARN_QUOTED_INCLUDE_IN_FRAMEWORK_HEADER = YES;
				CLANG_WARN_RANGE_LOOP_ANALYSIS = YES;
				CLANG_WARN_STRICT_PROTOTYPES = YES;
				CLANG_WARN_SUSPICIOUS_MOVE = YES;
				CLANG_WARN_UNGUARDED_AVAILABILITY = YES_AGGRESSIVE;
				CLANG_WARN_UNREACHABLE_CODE = YES;
				CLANG_WARN__DUPLICATE_METHOD_MATCH = YES;
				COPY_PHASE_STRIP = NO;
				DEBUG_INFORMATION_FORMAT = "dwarf-with-dsym";
				ENABLE_NS_ASSERTIONS = NO;
				ENABLE_STRICT_OBJC_MSGSEND = YES;
				GCC_C_LANGUAGE_STANDARD = gnu11;
				GCC_NO_COMMON_BLOCKS = YES;
				GCC_WARN_64_TO_32_BIT_CONVERSION = YES;
				GCC_WARN_ABOUT_RETURN_TYPE = YES_ERROR;
				GCC_WARN_UNDECLARED_SELECTOR = YES;
				GCC_WARN_UNINITIALIZED_AUTOS = YES_AGGRESSIVE;
				GCC_WARN_UNUSED_FUNCTION = YES;
				GCC_WARN_UNUSED_VARIABLE = YES;
				IPHONEOS_DEPLOYMENT_TARGET = 15.0;
				MTL_ENABLE_DEBUG_INFO = NO;
				MTL_FAST_MATH = YES;
				SDKROOT = iphoneos;
				SWIFT_COMPILATION_MODE = wholemodule;
				SWIFT_OPTIMIZATION_LEVEL = "-O";
				VALIDATE_PRODUCT = YES;
			};
			name = Release;
		};
		B45D00CC2AC46DA5008D6D60 /* Debug */ = {
			isa = XCBuildConfiguration;
			buildSettings = {
				ASSETCATALOG_COMPILER_APPICON_NAME = AppIcon;
				ASSETCATALOG_COMPILER_GLOBAL_ACCENT_COLOR_NAME = AccentColor;
				CODE_SIGN_STYLE = Automatic;
				CURRENT_PROJECT_VERSION = 1;
				DEVELOPMENT_ASSET_PATHS = "\"HappyDay/Preview Content\"";
				DEVELOPMENT_TEAM = "";
				ENABLE_PREVIEWS = YES;
				GENERATE_INFOPLIST_FILE = YES;
				INFOPLIST_FILE = HappyDay/Info.plist;
				INFOPLIST_KEY_NSLocationWhenInUseUsageDescription = "Please allow us access your location";
				INFOPLIST_KEY_UIApplicationSceneManifest_Generation = YES;
				INFOPLIST_KEY_UIApplicationSupportsIndirectInputEvents = YES;
				INFOPLIST_KEY_UILaunchScreen_Generation = YES;
				INFOPLIST_KEY_UISupportedInterfaceOrientations = UIInterfaceOrientationPortrait;
				INFOPLIST_KEY_UISupportedInterfaceOrientations_iPad = "UIInterfaceOrientationLandscapeLeft UIInterfaceOrientationLandscapeRight UIInterfaceOrientationPortrait UIInterfaceOrientationPortraitUpsideDown";
				LD_RUNPATH_SEARCH_PATHS = (
					"$(inherited)",
					"@executable_path/Frameworks",
				);
				MARKETING_VERSION = 1.0;
				PRODUCT_BUNDLE_IDENTIFIER = p.w.HappyDay;
				PRODUCT_NAME = "$(TARGET_NAME)";
				SUPPORTED_PLATFORMS = "iphoneos iphonesimulator";
				SUPPORTS_MACCATALYST = NO;
				SUPPORTS_MAC_DESIGNED_FOR_IPHONE_IPAD = NO;
				SWIFT_EMIT_LOC_STRINGS = YES;
				SWIFT_VERSION = 5.0;
				TARGETED_DEVICE_FAMILY = 1;
			};
			name = Debug;
		};
		B45D00CD2AC46DA5008D6D60 /* Release */ = {
			isa = XCBuildConfiguration;
			buildSettings = {
				ASSETCATALOG_COMPILER_APPICON_NAME = AppIcon;
				ASSETCATALOG_COMPILER_GLOBAL_ACCENT_COLOR_NAME = AccentColor;
				CODE_SIGN_STYLE = Automatic;
				CURRENT_PROJECT_VERSION = 1;
				DEVELOPMENT_ASSET_PATHS = "\"HappyDay/Preview Content\"";
				DEVELOPMENT_TEAM = "";
				ENABLE_PREVIEWS = YES;
				GENERATE_INFOPLIST_FILE = YES;
				INFOPLIST_FILE = HappyDay/Info.plist;
				INFOPLIST_KEY_NSLocationWhenInUseUsageDescription = "Please allow us access your location";
				INFOPLIST_KEY_UIApplicationSceneManifest_Generation = YES;
				INFOPLIST_KEY_UIApplicationSupportsIndirectInputEvents = YES;
				INFOPLIST_KEY_UILaunchScreen_Generation = YES;
				INFOPLIST_KEY_UISupportedInterfaceOrientations = UIInterfaceOrientationPortrait;
				INFOPLIST_KEY_UISupportedInterfaceOrientations_iPad = "UIInterfaceOrientationLandscapeLeft UIInterfaceOrientationLandscapeRight UIInterfaceOrientationPortrait UIInterfaceOrientationPortraitUpsideDown";
				LD_RUNPATH_SEARCH_PATHS = (
					"$(inherited)",
					"@executable_path/Frameworks",
				);
				MARKETING_VERSION = 1.0;
				PRODUCT_BUNDLE_IDENTIFIER = p.w.HappyDay;
				PRODUCT_NAME = "$(TARGET_NAME)";
				SUPPORTED_PLATFORMS = "iphoneos iphonesimulator";
				SUPPORTS_MACCATALYST = NO;
				SUPPORTS_MAC_DESIGNED_FOR_IPHONE_IPAD = NO;
				SWIFT_EMIT_LOC_STRINGS = YES;
				SWIFT_VERSION = 5.0;
				TARGETED_DEVICE_FAMILY = 1;
			};
			name = Release;
		};
		B479C4512B01BD2A00399E83 /* Debug */ = {
			isa = XCBuildConfiguration;
			buildSettings = {
				BUNDLE_LOADER = "$(TEST_HOST)";
				CODE_SIGN_STYLE = Automatic;
				CURRENT_PROJECT_VERSION = 1;
				DEVELOPMENT_TEAM = 8VXC22CHMF;
				GENERATE_INFOPLIST_FILE = YES;
				IPHONEOS_DEPLOYMENT_TARGET = 16.4;
				MARKETING_VERSION = 1.0;
				PRODUCT_BUNDLE_IDENTIFIER = p.w.HappyDayTests;
				PRODUCT_NAME = "$(TARGET_NAME)";
				SWIFT_EMIT_LOC_STRINGS = NO;
				SWIFT_VERSION = 5.0;
				TARGETED_DEVICE_FAMILY = "1,2";
				TEST_HOST = "$(BUILT_PRODUCTS_DIR)/HappyDay.app/$(BUNDLE_EXECUTABLE_FOLDER_PATH)/HappyDay";
			};
			name = Debug;
		};
		B479C4522B01BD2A00399E83 /* Release */ = {
			isa = XCBuildConfiguration;
			buildSettings = {
				BUNDLE_LOADER = "$(TEST_HOST)";
				CODE_SIGN_STYLE = Automatic;
				CURRENT_PROJECT_VERSION = 1;
				DEVELOPMENT_TEAM = 8VXC22CHMF;
				GENERATE_INFOPLIST_FILE = YES;
				IPHONEOS_DEPLOYMENT_TARGET = 16.4;
				MARKETING_VERSION = 1.0;
				PRODUCT_BUNDLE_IDENTIFIER = p.w.HappyDayTests;
				PRODUCT_NAME = "$(TARGET_NAME)";
				SWIFT_EMIT_LOC_STRINGS = NO;
				SWIFT_VERSION = 5.0;
				TARGETED_DEVICE_FAMILY = "1,2";
				TEST_HOST = "$(BUILT_PRODUCTS_DIR)/HappyDay.app/$(BUNDLE_EXECUTABLE_FOLDER_PATH)/HappyDay";
			};
			name = Release;
		};
/* End XCBuildConfiguration section */

/* Begin XCConfigurationList section */
		B45D00B82AC46DA4008D6D60 /* Build configuration list for PBXProject "HappyDay" */ = {
			isa = XCConfigurationList;
			buildConfigurations = (
				B45D00C92AC46DA5008D6D60 /* Debug */,
				B45D00CA2AC46DA5008D6D60 /* Release */,
			);
			defaultConfigurationIsVisible = 0;
			defaultConfigurationName = Release;
		};
		B45D00CB2AC46DA5008D6D60 /* Build configuration list for PBXNativeTarget "HappyDay" */ = {
			isa = XCConfigurationList;
			buildConfigurations = (
				B45D00CC2AC46DA5008D6D60 /* Debug */,
				B45D00CD2AC46DA5008D6D60 /* Release */,
			);
			defaultConfigurationIsVisible = 0;
			defaultConfigurationName = Release;
		};
		B479C4502B01BD2A00399E83 /* Build configuration list for PBXNativeTarget "HappyDayTests" */ = {
			isa = XCConfigurationList;
			buildConfigurations = (
				B479C4512B01BD2A00399E83 /* Debug */,
				B479C4522B01BD2A00399E83 /* Release */,
			);
			defaultConfigurationIsVisible = 0;
			defaultConfigurationName = Release;
		};
/* End XCConfigurationList section */
	};
	rootObject = B45D00B52AC46DA4008D6D60 /* Project object */;
}
